
Microsoft Visual Studio Solution File, Format Version 12.00
# Visual Studio Version 17
VisualStudioVersion = 17.11.35208.52
MinimumVisualStudioVersion = 10.0.40219.1
Project("{FAE04EC0-301F-11D3-BF4B-00C04F79EFBC}") = "convertidor de temperatura.c#", "convertidor de temperatura.c#\convertidor de temperatura.c#.csproj", "{893754A5-7187-42B1-8401-E62E56565850}"
EndProject
Global
	GlobalSection(SolutionConfigurationPlatforms) = preSolution
		Debug|Any CPU = Debug|Any CPU
		Release|Any CPU = Release|Any CPU
	EndGlobalSection
	GlobalSection(ProjectConfigurationPlatforms) = postSolution
		{893754A5-7187-42B1-8401-E62E56565850}.Debug|Any CPU.ActiveCfg = Debug|Any CPU
		{893754A5-7187-42B1-8401-E62E56565850}.Debug|Any CPU.Build.0 = Debug|Any CPU
		{893754A5-7187-42B1-8401-E62E56565850}.Release|Any CPU.ActiveCfg = Release|Any CPU
		{893754A5-7187-42B1-8401-E62E56565850}.Release|Any CPU.Build.0 = Release|Any CPU
	EndGlobalSection
	GlobalSection(SolutionProperties) = preSolution
		HideSolutionNode = FALSE
	EndGlobalSection
	GlobalSection(ExtensibilityGlobals) = postSolution
		SolutionGuid = {C70300BD-36BA-4697-9F51-D903AC595703}
	EndGlobalSection
EndGlobal
